
Microsoft Visual Studio Solution File, Format Version 11.00
# Visual Studio 2010
Project("{FAE04EC0-301F-11D3-BF4B-00C04F79EFBC}") = "Assembly-CSharp", "Assembly-CSharp.csproj", "{a876a877-4215-25c1-a007-d90859c30f4b}"
EndProject
Project("{FAE04EC0-301F-11D3-BF4B-00C04F79EFBC}") = "Assembly-CSharp-Editor-firstpass", "Assembly-CSharp-Editor-firstpass.csproj", "{9659a605-147c-c326-302d-aa806521c5c0}"
EndProject
Global
	GlobalSection(SolutionConfigurationPlatforms) = preSolution
		Debug|Any CPU = Debug|Any CPU
	EndGlobalSection
	GlobalSection(ProjectConfigurationPlatforms) = postSolution
		{a876a877-4215-25c1-a007-d90859c30f4b}.Debug|Any CPU.ActiveCfg = Debug|Any CPU
		{a876a877-4215-25c1-a007-d90859c30f4b}.Debug|Any CPU.Build.0 = Debug|Any CPU
		{9659a605-147c-c326-302d-aa806521c5c0}.Debug|Any CPU.ActiveCfg = Debug|Any CPU
		{9659a605-147c-c326-302d-aa806521c5c0}.Debug|Any CPU.Build.0 = Debug|Any CPU
	EndGlobalSection
	GlobalSection(SolutionProperties) = preSolution
		HideSolutionNode = FALSE
	EndGlobalSection
EndGlobal
